// !$*UTF8*$!
{
	archiveVersion = 1;
	classes = {
	};
	objectVersion = 56;
	objects = {

/* Begin PBXBuildFile section */
		7763AAAF2A00FB7C0011687D /* SplashVC.swift in Sources */ = {isa = PBXBuildFile; fileRef = 7763AAAD2A00FB7C0011687D /* SplashVC.swift */; };
		7763AAB02A00FB7C0011687D /* SplashVC.xib in Resources */ = {isa = PBXBuildFile; fileRef = 7763AAAE2A00FB7C0011687D /* SplashVC.xib */; };
		7763AAB32A00FD390011687D /* Extensions.swift in Sources */ = {isa = PBXBuildFile; fileRef = 7763AAB22A00FD390011687D /* Extensions.swift */; };
		7763AAB82A0113240011687D /* Constants.swift in Sources */ = {isa = PBXBuildFile; fileRef = 7763AAB72A0113240011687D /* Constants.swift */; };
		7763AABB2A0113600011687D /* HomeVC.swift in Sources */ = {isa = PBXBuildFile; fileRef = 7763AAB92A0113600011687D /* HomeVC.swift */; };
		7763AABC2A0113600011687D /* HomeVC.xib in Resources */ = {isa = PBXBuildFile; fileRef = 7763AABA2A0113600011687D /* HomeVC.xib */; };
		7763AABF2A0115990011687D /* Alamofire in Frameworks */ = {isa = PBXBuildFile; productRef = 7763AABE2A0115990011687D /* Alamofire */; };
		7763AAC22A0115B30011687D /* SDWebImage in Frameworks */ = {isa = PBXBuildFile; productRef = 7763AAC12A0115B30011687D /* SDWebImage */; };
		77892EED2A00F9B400DEA3CB /* AppDelegate.swift in Sources */ = {isa = PBXBuildFile; fileRef = 77892EEC2A00F9B400DEA3CB /* AppDelegate.swift */; };
		77892EEF2A00F9B400DEA3CB /* SceneDelegate.swift in Sources */ = {isa = PBXBuildFile; fileRef = 77892EEE2A00F9B400DEA3CB /* SceneDelegate.swift */; };
		77892EF62A00F9B500DEA3CB /* Assets.xcassets in Resources */ = {isa = PBXBuildFile; fileRef = 77892EF52A00F9B500DEA3CB /* Assets.xcassets */; };
/* End PBXBuildFile section */

/* Begin PBXFileReference section */
		7763AAAD2A00FB7C0011687D /* SplashVC.swift */ = {isa = PBXFileReference; lastKnownFileType = sourcecode.swift; path = SplashVC.swift; sourceTree = "<group>"; };
		7763AAAE2A00FB7C0011687D /* SplashVC.xib */ = {isa = PBXFileReference; lastKnownFileType = file.xib; path = SplashVC.xib; sourceTree = "<group>"; };
		7763AAB22A00FD390011687D /* Extensions.swift */ = {isa = PBXFileReference; lastKnownFileType = sourcecode.swift; path = Extensions.swift; sourceTree = "<group>"; };
		7763AAB72A0113240011687D /* Constants.swift */ = {isa = PBXFileReference; lastKnownFileType = sourcecode.swift; path = Constants.swift; sourceTree = "<group>"; };
		7763AAB92A0113600011687D /* HomeVC.swift */ = {isa = PBXFileReference; lastKnownFileType = sourcecode.swift; path = HomeVC.swift; sourceTree = "<group>"; };
		7763AABA2A0113600011687D /* HomeVC.xib */ = {isa = PBXFileReference; lastKnownFileType = file.xib; path = HomeVC.xib; sourceTree = "<group>"; };
		77892EE92A00F9B400DEA3CB /* WisdomLeaf.app */ = {isa = PBXFileReference; explicitFileType = wrapper.application; includeInIndex = 0; path = WisdomLeaf.app; sourceTree = BUILT_PRODUCTS_DIR; };
		77892EEC2A00F9B400DEA3CB /* AppDelegate.swift */ = {isa = PBXFileReference; lastKnownFileType = sourcecode.swift; path = AppDelegate.swift; sourceTree = "<group>"; };
		77892EEE2A00F9B400DEA3CB /* SceneDelegate.swift */ = {isa = PBXFileReference; lastKnownFileType = sourcecode.swift; path = SceneDelegate.swift; sourceTree = "<group>"; };
		77892EF52A00F9B500DEA3CB /* Assets.xcassets */ = {isa = PBXFileReference; lastKnownFileType = folder.assetcatalog; path = Assets.xcassets; sourceTree = "<group>"; };
		77892EFA2A00F9B500DEA3CB /* Info.plist */ = {isa = PBXFileReference; lastKnownFileType = text.plist.xml; path = Info.plist; sourceTree = "<group>"; };
/* End PBXFileReference section */

/* Begin PBXFrameworksBuildPhase section */
		77892EE62A00F9B400DEA3CB /* Frameworks */ = {
			isa = PBXFrameworksBuildPhase;
			buildActionMask = 2147483647;
			files = (
				7763AAC22A0115B30011687D /* SDWebImage in Frameworks */,
				7763AABF2A0115990011687D /* Alamofire in Frameworks */,
			);
			runOnlyForDeploymentPostprocessing = 0;
		};
/* End PBXFrameworksBuildPhase section */

/* Begin PBXGroup section */
		7763AAAB2A00FB670011687D /* Controller */ = {
			isa = PBXGroup;
			children = (
				7763AAAD2A00FB7C0011687D /* SplashVC.swift */,
				7763AAAE2A00FB7C0011687D /* SplashVC.xib */,
			);
			path = Controller;
			sourceTree = "<group>";
		};
		7763AAAC2A00FB6C0011687D /* Splash */ = {
			isa = PBXGroup;
			children = (
				7763AAAB2A00FB670011687D /* Controller */,
			);
			path = Splash;
			sourceTree = "<group>";
		};
		7763AAB12A00FD310011687D /* Extensions */ = {
			isa = PBXGroup;
			children = (
				7763AAB22A00FD390011687D /* Extensions.swift */,
			);
			path = Extensions;
			sourceTree = "<group>";
		};
		7763AAB42A0113000011687D /* Home */ = {
			isa = PBXGroup;
			children = (
				7763AAC32A0115C50011687D /* Model */,
				7763AAB52A0113080011687D /* Controller */,
			);
			path = Home;
			sourceTree = "<group>";
		};
		7763AAB52A0113080011687D /* Controller */ = {
			isa = PBXGroup;
			children = (
				7763AAB92A0113600011687D /* HomeVC.swift */,
				7763AABA2A0113600011687D /* HomeVC.xib */,
			);
			path = Controller;
			sourceTree = "<group>";
		};
		7763AAB62A0113180011687D /* Constants */ = {
			isa = PBXGroup;
			children = (
				7763AAB72A0113240011687D /* Constants.swift */,
			);
			path = Constants;
			sourceTree = "<group>";
		};
		7763AAC32A0115C50011687D /* Model */ = {
			isa = PBXGroup;
			children = (
			);
			path = Model;
			sourceTree = "<group>";
		};
		77892EE02A00F9B400DEA3CB = {
			isa = PBXGroup;
			children = (
				77892EEB2A00F9B400DEA3CB /* WisdomLeaf */,
				77892EEA2A00F9B400DEA3CB /* Products */,
			);
			sourceTree = "<group>";
		};
		77892EEA2A00F9B400DEA3CB /* Products */ = {
			isa = PBXGroup;
			children = (
				77892EE92A00F9B400DEA3CB /* WisdomLeaf.app */,
			);
			name = Products;
			sourceTree = "<group>";
		};
		77892EEB2A00F9B400DEA3CB /* WisdomLeaf */ = {
			isa = PBXGroup;
			children = (
				7763AAB62A0113180011687D /* Constants */,
				7763AAB12A00FD310011687D /* Extensions */,
				7763AAAC2A00FB6C0011687D /* Splash */,
				7763AAB42A0113000011687D /* Home */,
				77892EEC2A00F9B400DEA3CB /* AppDelegate.swift */,
				77892EEE2A00F9B400DEA3CB /* SceneDelegate.swift */,
				77892EF52A00F9B500DEA3CB /* Assets.xcassets */,
				77892EFA2A00F9B500DEA3CB /* Info.plist */,
			);
			path = WisdomLeaf;
			sourceTree = "<group>";
		};
/* End PBXGroup section */

/* Begin PBXNativeTarget section */
		77892EE82A00F9B400DEA3CB /* WisdomLeaf */ = {
			isa = PBXNativeTarget;
			buildConfigurationList = 77892EFD2A00F9B500DEA3CB /* Build configuration list for PBXNativeTarget "WisdomLeaf" */;
			buildPhases = (
				77892EE52A00F9B400DEA3CB /* Sources */,
				77892EE62A00F9B400DEA3CB /* Frameworks */,
				77892EE72A00F9B400DEA3CB /* Resources */,
			);
			buildRules = (
			);
			dependencies = (
			);
			name = WisdomLeaf;
			packageProductDependencies = (
				7763AABE2A0115990011687D /* Alamofire */,
				7763AAC12A0115B30011687D /* SDWebImage */,
			);
			productName = WisdomLeaf;
			productReference = 77892EE92A00F9B400DEA3CB /* WisdomLeaf.app */;
			productType = "com.apple.product-type.application";
		};
/* End PBXNativeTarget section */

/* Begin PBXProject section */
		77892EE12A00F9B400DEA3CB /* Project object */ = {
			isa = PBXProject;
			attributes = {
				BuildIndependentTargetsInParallel = 1;
				LastSwiftUpdateCheck = 1420;
				LastUpgradeCheck = 1420;
				TargetAttributes = {
					77892EE82A00F9B400DEA3CB = {
						CreatedOnToolsVersion = 14.2;
					};
				};
			};
			buildConfigurationList = 77892EE42A00F9B400DEA3CB /* Build configuration list for PBXProject "WisdomLeaf" */;
			compatibilityVersion = "Xcode 14.0";
			developmentRegion = en;
			hasScannedForEncodings = 0;
			knownRegions = (
				en,
				Base,
			);
			mainGroup = 77892EE02A00F9B400DEA3CB;
			packageReferences = (
				7763AABD2A0115990011687D /* XCRemoteSwiftPackageReference "Alamofire" */,
				7763AAC02A0115B30011687D /* XCRemoteSwiftPackageReference "SDWebImage" */,
			);
			productRefGroup = 77892EEA2A00F9B400DEA3CB /* Products */;
			projectDirPath = "";
			projectRoot = "";
			targets = (
				77892EE82A00F9B400DEA3CB /* WisdomLeaf */,
			);
		};
/* End PBXProject section */

/* Begin PBXResourcesBuildPhase section */
		77892EE72A00F9B400DEA3CB /* Resources */ = {
			isa = PBXResourcesBuildPhase;
			buildActionMask = 2147483647;
			files = (
				7763AAB02A00FB7C0011687D /* SplashVC.xib in Resources */,
				7763AABC2A0113600011687D /* HomeVC.xib in Resources */,
				77892EF62A00F9B500DEA3CB /* Assets.xcassets in Resources */,
			);
			runOnlyForDeploymentPostprocessing = 0;
		};
/* End PBXResourcesBuildPhase section */

/* Begin PBXSourcesBuildPhase section */
		77892EE52A00F9B400DEA3CB /* Sources */ = {
			isa = PBXSourcesBuildPhase;
			buildActionMask = 2147483647;
			files = (
				7763AAB82A0113240011687D /* Constants.swift in Sources */,
				77892EED2A00F9B400DEA3CB /* AppDelegate.swift in Sources */,
				77892EEF2A00F9B400DEA3CB /* SceneDelegate.swift in Sources */,
				7763AABB2A0113600011687D /* HomeVC.swift in Sources */,
				7763AAAF2A00FB7C0011687D /* SplashVC.swift in Sources */,
				7763AAB32A00FD390011687D /* Extensions.swift in Sources */,
			);
			runOnlyForDeploymentPostprocessing = 0;
		};
/* End PBXSourcesBuildPhase section */

/* Begin XCBuildConfiguration section */
		77892EFB2A00F9B500DEA3CB /* Debug */ = {
			isa = XCBuildConfiguration;
			buildSettings = {
				ALWAYS_SEARCH_USER_PATHS = NO;
				CLANG_ANALYZER_NONNULL = YES;
				CLANG_ANALYZER_NUMBER_OBJECT_CONVERSION = YES_AGGRESSIVE;
				CLANG_CXX_LANGUAGE_STANDARD = "gnu++20";
				CLANG_ENABLE_MODULES = YES;
				CLANG_ENABLE_OBJC_ARC = YES;
				CLANG_ENABLE_OBJC_WEAK = YES;
				CLANG_WARN_BLOCK_CAPTURE_AUTORELEASING = YES;
				CLANG_WARN_BOOL_CONVERSION = YES;
				CLANG_WARN_COMMA = YES;
				CLANG_WARN_CONSTANT_CONVERSION = YES;
				CLANG_WARN_DEPRECATED_OBJC_IMPLEMENTATIONS = YES;
				CLANG_WARN_DIRECT_OBJC_ISA_USAGE = YES_ERROR;
				CLANG_WARN_DOCUMENTATION_COMMENTS = YES;
				CLANG_WARN_EMPTY_BODY = YES;
				CLANG_WARN_ENUM_CONVERSION = YES;
				CLANG_WARN_INFINITE_RECURSION = YES;
				CLANG_WARN_INT_CONVERSION = YES;
				CLANG_WARN_NON_LITERAL_NULL_CONVERSION = YES;
				CLANG_WARN_OBJC_IMPLICIT_RETAIN_SELF = YES;
				CLANG_WARN_OBJC_LITERAL_CONVERSION = YES;
				CLANG_WARN_OBJC_ROOT_CLASS = YES_ERROR;
				CLANG_WARN_QUOTED_INCLUDE_IN_FRAMEWORK_HEADER = YES;
				CLANG_WARN_RANGE_LOOP_ANALYSIS = YES;
				CLANG_WARN_STRICT_PROTOTYPES = YES;
				CLANG_WARN_SUSPICIOUS_MOVE = YES;
				CLANG_WARN_UNGUARDED_AVAILABILITY = YES_AGGRESSIVE;
				CLANG_WARN_UNREACHABLE_CODE = YES;
				CLANG_WARN__DUPLICATE_METHOD_MATCH = YES;
				COPY_PHASE_STRIP = NO;
				DEBUG_INFORMATION_FORMAT = dwarf;
				ENABLE_STRICT_OBJC_MSGSEND = YES;
				ENABLE_TESTABILITY = YES;
				GCC_C_LANGUAGE_STANDARD = gnu11;
				GCC_DYNAMIC_NO_PIC = NO;
				GCC_NO_COMMON_BLOCKS = YES;
				GCC_OPTIMIZATION_LEVEL = 0;
				GCC_PREPROCESSOR_DEFINITIONS = (
					"DEBUG=1",
					"$(inherited)",
				);
				GCC_WARN_64_TO_32_BIT_CONVERSION = YES;
				GCC_WARN_ABOUT_RETURN_TYPE = YES_ERROR;
				GCC_WARN_UNDECLARED_SELECTOR = YES;
				GCC_WARN_UNINITIALIZED_AUTOS = YES_AGGRESSIVE;
				GCC_WARN_UNUSED_FUNCTION = YES;
				GCC_WARN_UNUSED_VARIABLE = YES;
				IPHONEOS_DEPLOYMENT_TARGET = 16.2;
				MTL_ENABLE_DEBUG_INFO = INCLUDE_SOURCE;
				MTL_FAST_MATH = YES;
				ONLY_ACTIVE_ARCH = YES;
				SDKROOT = iphoneos;
				SWIFT_ACTIVE_COMPILATION_CONDITIONS = DEBUG;
				SWIFT_OPTIMIZATION_LEVEL = "-Onone";
			};
			name = Debug;
		};
		77892EFC2A00F9B500DEA3CB /* Release */ = {
			isa = XCBuildConfiguration;
			buildSettings = {
				ALWAYS_SEARCH_USER_PATHS = NO;
				CLANG_ANALYZER_NONNULL = YES;
				CLANG_ANALYZER_NUMBER_OBJECT_CONVERSION = YES_AGGRESSIVE;
				CLANG_CXX_LANGUAGE_STANDARD = "gnu++20";
				CLANG_ENABLE_MODULES = YES;
				CLANG_ENABLE_OBJC_ARC = YES;
				CLANG_ENABLE_OBJC_WEAK = YES;
				CLANG_WARN_BLOCK_CAPTURE_AUTORELEASING = YES;
				CLANG_WARN_BOOL_CONVERSION = YES;
				CLANG_WARN_COMMA = YES;
				CLANG_WARN_CONSTANT_CONVERSION = YES;
				CLANG_WARN_DEPRECATED_OBJC_IMPLEMENTATIONS = YES;
				CLANG_WARN_DIRECT_OBJC_ISA_USAGE = YES_ERROR;
				CLANG_WARN_DOCUMENTATION_COMMENTS = YES;
				CLANG_WARN_EMPTY_BODY = YES;
				CLANG_WARN_ENUM_CONVERSION = YES;
				CLANG_WARN_INFINITE_RECURSION = YES;
				CLANG_WARN_INT_CONVERSION = YES;
				CLANG_WARN_NON_LITERAL_NULL_CONVERSION = YES;
				CLANG_WARN_OBJC_IMPLICIT_RETAIN_SELF = YES;
				CLANG_WARN_OBJC_LITERAL_CONVERSION = YES;
				CLANG_WARN_OBJC_ROOT_CLASS = YES_ERROR;
				CLANG_WARN_QUOTED_INCLUDE_IN_FRAMEWORK_HEADER = YES;
				CLANG_WARN_RANGE_LOOP_ANALYSIS = YES;
				CLANG_WARN_STRICT_PROTOTYPES = YES;
				CLANG_WARN_SUSPICIOUS_MOVE = YES;
				CLANG_WARN_UNGUARDED_AVAILABILITY = YES_AGGRESSIVE;
				CLANG_WARN_UNREACHABLE_CODE = YES;
				CLANG_WARN__DUPLICATE_METHOD_MATCH = YES;
				COPY_PHASE_STRIP = NO;
				DEBUG_INFORMATION_FORMAT = "dwarf-with-dsym";
				ENABLE_NS_ASSERTIONS = NO;
				ENABLE_STRICT_OBJC_MSGSEND = YES;
				GCC_C_LANGUAGE_STANDARD = gnu11;
				GCC_NO_COMMON_BLOCKS = YES;
				GCC_WARN_64_TO_32_BIT_CONVERSION = YES;
				GCC_WARN_ABOUT_RETURN_TYPE = YES_ERROR;
				GCC_WARN_UNDECLARED_SELECTOR = YES;
				GCC_WARN_UNINITIALIZED_AUTOS = YES_AGGRESSIVE;
				GCC_WARN_UNUSED_FUNCTION = YES;
				GCC_WARN_UNUSED_VARIABLE = YES;
				IPHONEOS_DEPLOYMENT_TARGET = 16.2;
				MTL_ENABLE_DEBUG_INFO = NO;
				MTL_FAST_MATH = YES;
				SDKROOT = iphoneos;
				SWIFT_COMPILATION_MODE = wholemodule;
				SWIFT_OPTIMIZATION_LEVEL = "-O";
				VALIDATE_PRODUCT = YES;
			};
			name = Release;
		};
		77892EFE2A00F9B500DEA3CB /* Debug */ = {
			isa = XCBuildConfiguration;
			buildSettings = {
				ASSETCATALOG_COMPILER_APPICON_NAME = AppIcon;
				ASSETCATALOG_COMPILER_GLOBAL_ACCENT_COLOR_NAME = AccentColor;
				CODE_SIGN_STYLE = Automatic;
				CURRENT_PROJECT_VERSION = 1;
				DEVELOPMENT_TEAM = B47XLX4F6C;
				GENERATE_INFOPLIST_FILE = YES;
				INFOPLIST_FILE = WisdomLeaf/Info.plist;
				INFOPLIST_KEY_UIApplicationSupportsIndirectInputEvents = YES;
				INFOPLIST_KEY_UILaunchStoryboardName = LaunchScreen;
				INFOPLIST_KEY_UISupportedInterfaceOrientations_iPad = "UIInterfaceOrientationPortrait UIInterfaceOrientationPortraitUpsideDown UIInterfaceOrientationLandscapeLeft UIInterfaceOrientationLandscapeRight";
				INFOPLIST_KEY_UISupportedInterfaceOrientations_iPhone = "UIInterfaceOrientationPortrait UIInterfaceOrientationLandscapeLeft UIInterfaceOrientationLandscapeRight";
				IPHONEOS_DEPLOYMENT_TARGET = 12.0;
				LD_RUNPATH_SEARCH_PATHS = (
					"$(inherited)",
					"@executable_path/Frameworks",
				);
				MARKETING_VERSION = 1.0;
				PRODUCT_BUNDLE_IDENTIFIER = com.atul.WisdomLeaf;
				PRODUCT_NAME = "$(TARGET_NAME)";
				SWIFT_EMIT_LOC_STRINGS = YES;
				SWIFT_VERSION = 5.0;
				TARGETED_DEVICE_FAMILY = "1,2";
			};
			name = Debug;
		};
		77892EFF2A00F9B500DEA3CB /* Release */ = {
			isa = XCBuildConfiguration;
			buildSettings = {
				ASSETCATALOG_COMPILER_APPICON_NAME = AppIcon;
				ASSETCATALOG_COMPILER_GLOBAL_ACCENT_COLOR_NAME = AccentColor;
				CODE_SIGN_STYLE = Automatic;
				CURRENT_PROJECT_VERSION = 1;
				DEVELOPMENT_TEAM = B47XLX4F6C;
				GENERATE_INFOPLIST_FILE = YES;
				INFOPLIST_FILE = WisdomLeaf/Info.plist;
				INFOPLIST_KEY_UIApplicationSupportsIndirectInputEvents = YES;
				INFOPLIST_KEY_UILaunchStoryboardName = LaunchScreen;
				INFOPLIST_KEY_UISupportedInterfaceOrientations_iPad = "UIInterfaceOrientationPortrait UIInterfaceOrientationPortraitUpsideDown UIInterfaceOrientationLandscapeLeft UIInterfaceOrientationLandscapeRight";
				INFOPLIST_KEY_UISupportedInterfaceOrientations_iPhone = "UIInterfaceOrientationPortrait UIInterfaceOrientationLandscapeLeft UIInterfaceOrientationLandscapeRight";
				IPHONEOS_DEPLOYMENT_TARGET = 12.0;
				LD_RUNPATH_SEARCH_PATHS = (
					"$(inherited)",
					"@executable_path/Frameworks",
				);
				MARKETING_VERSION = 1.0;
				PRODUCT_BUNDLE_IDENTIFIER = com.atul.WisdomLeaf;
				PRODUCT_NAME = "$(TARGET_NAME)";
				SWIFT_EMIT_LOC_STRINGS = YES;
				SWIFT_VERSION = 5.0;
				TARGETED_DEVICE_FAMILY = "1,2";
			};
			name = Release;
		};
/* End XCBuildConfiguration section */

/* Begin XCConfigurationList section */
		77892EE42A00F9B400DEA3CB /* Build configuration list for PBXProject "WisdomLeaf" */ = {
			isa = XCConfigurationList;
			buildConfigurations = (
				77892EFB2A00F9B500DEA3CB /* Debug */,
				77892EFC2A00F9B500DEA3CB /* Release */,
			);
			defaultConfigurationIsVisible = 0;
			defaultConfigurationName = Release;
		};
		77892EFD2A00F9B500DEA3CB /* Build configuration list for PBXNativeTarget "WisdomLeaf" */ = {
			isa = XCConfigurationList;
			buildConfigurations = (
				77892EFE2A00F9B500DEA3CB /* Debug */,
				77892EFF2A00F9B500DEA3CB /* Release */,
			);
			defaultConfigurationIsVisible = 0;
			defaultConfigurationName = Release;
		};
/* End XCConfigurationList section */

/* Begin XCRemoteSwiftPackageReference section */
		7763AABD2A0115990011687D /* XCRemoteSwiftPackageReference "Alamofire" */ = {
			isa = XCRemoteSwiftPackageReference;
			repositoryURL = "https://github.com/Alamofire/Alamofire";
			requirement = {
				kind = upToNextMajorVersion;
				minimumVersion = 5.6.4;
			};
		};
		7763AAC02A0115B30011687D /* XCRemoteSwiftPackageReference "SDWebImage" */ = {
			isa = XCRemoteSwiftPackageReference;
			repositoryURL = "https://github.com/SDWebImage/SDWebImage";
			requirement = {
				kind = upToNextMajorVersion;
				minimumVersion = 5.15.6;
			};
		};
/* End XCRemoteSwiftPackageReference section */

/* Begin XCSwiftPackageProductDependency section */
		7763AABE2A0115990011687D /* Alamofire */ = {
			isa = XCSwiftPackageProductDependency;
			package = 7763AABD2A0115990011687D /* XCRemoteSwiftPackageReference "Alamofire" */;
			productName = Alamofire;
		};
		7763AAC12A0115B30011687D /* SDWebImage */ = {
			isa = XCSwiftPackageProductDependency;
			package = 7763AAC02A0115B30011687D /* XCRemoteSwiftPackageReference "SDWebImage" */;
			productName = SDWebImage;
		};
/* End XCSwiftPackageProductDependency section */
	};
	rootObject = 77892EE12A00F9B400DEA3CB /* Project object */;
}
